// !$*UTF8*$!
{
	archiveVersion = 1;
	classes = {
	};
	objectVersion = 50;
	objects = {

/* Begin PBXBuildFile section */
		D3F4C3AA2209943E0057B3E0 /* AppDelegate.swift in Sources */ = {isa = PBXBuildFile; fileRef = D3F4C3A92209943E0057B3E0 /* AppDelegate.swift */; };
		D3F4C3AC2209943E0057B3E0 /* ViewController.swift in Sources */ = {isa = PBXBuildFile; fileRef = D3F4C3AB2209943E0057B3E0 /* ViewController.swift */; };
		D3F4C3AF2209943E0057B3E0 /* Main.storyboard in Resources */ = {isa = PBXBuildFile; fileRef = D3F4C3AD2209943E0057B3E0 /* Main.storyboard */; };
		D3F4C3B22209943E0057B3E0 /* CoreData.xcdatamodeld in Sources */ = {isa = PBXBuildFile; fileRef = D3F4C3B02209943E0057B3E0 /* CoreData.xcdatamodeld */; };
		D3F4C3B42209943F0057B3E0 /* Assets.xcassets in Resources */ = {isa = PBXBuildFile; fileRef = D3F4C3B32209943F0057B3E0 /* Assets.xcassets */; };
		D3F4C3B72209943F0057B3E0 /* LaunchScreen.storyboard in Resources */ = {isa = PBXBuildFile; fileRef = D3F4C3B52209943F0057B3E0 /* LaunchScreen.storyboard */; };
		D3F4C3C12209A2070057B3E0 /* Person+Utils.swift in Sources */ = {isa = PBXBuildFile; fileRef = D3F4C3C02209A2070057B3E0 /* Person+Utils.swift */; };
/* End PBXBuildFile section */

/* Begin PBXFileReference section */
		D3F4C3A62209943E0057B3E0 /* CoreDataSample.app */ = {isa = PBXFileReference; explicitFileType = wrapper.application; includeInIndex = 0; path = CoreDataSample.app; sourceTree = BUILT_PRODUCTS_DIR; };
		D3F4C3A92209943E0057B3E0 /* AppDelegate.swift */ = {isa = PBXFileReference; lastKnownFileType = sourcecode.swift; path = AppDelegate.swift; sourceTree = "<group>"; };
		D3F4C3AB2209943E0057B3E0 /* ViewController.swift */ = {isa = PBXFileReference; lastKnownFileType = sourcecode.swift; path = ViewController.swift; sourceTree = "<group>"; };
		D3F4C3AE2209943E0057B3E0 /* Base */ = {isa = PBXFileReference; lastKnownFileType = file.storyboard; name = Base; path = Base.lproj/Main.storyboard; sourceTree = "<group>"; };
		D3F4C3B12209943E0057B3E0 /* CoreData.xcdatamodel */ = {isa = PBXFileReference; lastKnownFileType = wrapper.xcdatamodel; path = CoreData.xcdatamodel; sourceTree = "<group>"; };
		D3F4C3B32209943F0057B3E0 /* Assets.xcassets */ = {isa = PBXFileReference; lastKnownFileType = folder.assetcatalog; path = Assets.xcassets; sourceTree = "<group>"; };
		D3F4C3B62209943F0057B3E0 /* Base */ = {isa = PBXFileReference; lastKnownFileType = file.storyboard; name = Base; path = Base.lproj/LaunchScreen.storyboard; sourceTree = "<group>"; };
		D3F4C3B82209943F0057B3E0 /* Info.plist */ = {isa = PBXFileReference; lastKnownFileType = text.plist.xml; path = Info.plist; sourceTree = "<group>"; };
		D3F4C3C02209A2070057B3E0 /* Person+Utils.swift */ = {isa = PBXFileReference; lastKnownFileType = sourcecode.swift; path = "Person+Utils.swift"; sourceTree = "<group>"; };
/* End PBXFileReference section */

/* Begin PBXFrameworksBuildPhase section */
		D3F4C3A32209943E0057B3E0 /* Frameworks */ = {
			isa = PBXFrameworksBuildPhase;
			buildActionMask = 2147483647;
			files = (
			);
			runOnlyForDeploymentPostprocessing = 0;
		};
/* End PBXFrameworksBuildPhase section */

/* Begin PBXGroup section */
		D3F4C39D2209943E0057B3E0 = {
			isa = PBXGroup;
			children = (
				D3F4C3A82209943E0057B3E0 /* CoreData */,
				D3F4C3A72209943E0057B3E0 /* Products */,
			);
			sourceTree = "<group>";
		};
		D3F4C3A72209943E0057B3E0 /* Products */ = {
			isa = PBXGroup;
			children = (
				D3F4C3A62209943E0057B3E0 /* CoreDataSample.app */,
			);
			name = Products;
			sourceTree = "<group>";
		};
		D3F4C3A82209943E0057B3E0 /* CoreData */ = {
			isa = PBXGroup;
			children = (
				D3F4C3A92209943E0057B3E0 /* AppDelegate.swift */,
				D3F4C3AB2209943E0057B3E0 /* ViewController.swift */,
				D3F4C3C02209A2070057B3E0 /* Person+Utils.swift */,
				D3F4C3AD2209943E0057B3E0 /* Main.storyboard */,
				D3F4C3B32209943F0057B3E0 /* Assets.xcassets */,
				D3F4C3B52209943F0057B3E0 /* LaunchScreen.storyboard */,
				D3F4C3B82209943F0057B3E0 /* Info.plist */,
				D3F4C3B02209943E0057B3E0 /* CoreData.xcdatamodeld */,
			);
			path = CoreData;
			sourceTree = "<group>";
		};
/* End PBXGroup section */

/* Begin PBXNativeTarget section */
		D3F4C3A52209943E0057B3E0 /* CoreDataSample */ = {
			isa = PBXNativeTarget;
			buildConfigurationList = D3F4C3BB2209943F0057B3E0 /* Build configuration list for PBXNativeTarget "CoreDataSample" */;
			buildPhases = (
				D3F4C3A22209943E0057B3E0 /* Sources */,
				D3F4C3A32209943E0057B3E0 /* Frameworks */,
				D3F4C3A42209943E0057B3E0 /* Resources */,
			);
			buildRules = (
			);
			dependencies = (
			);
			name = CoreDataSample;
			productName = CoreData;
			productReference = D3F4C3A62209943E0057B3E0 /* CoreDataSample.app */;
			productType = "com.apple.product-type.application";
		};
/* End PBXNativeTarget section */

/* Begin PBXProject section */
		D3F4C39E2209943E0057B3E0 /* Project object */ = {
			isa = PBXProject;
			attributes = {
				LastSwiftUpdateCheck = 1010;
				LastUpgradeCheck = 1010;
				ORGANIZATIONNAME = "Laura Arranz";
				TargetAttributes = {
					D3F4C3A52209943E0057B3E0 = {
						CreatedOnToolsVersion = 10.1;
					};
				};
			};
			buildConfigurationList = D3F4C3A12209943E0057B3E0 /* Build configuration list for PBXProject "CoreDataSample" */;
			compatibilityVersion = "Xcode 9.3";
			developmentRegion = en;
			hasScannedForEncodings = 0;
			knownRegions = (
				en,
				Base,
			);
			mainGroup = D3F4C39D2209943E0057B3E0;
			productRefGroup = D3F4C3A72209943E0057B3E0 /* Products */;
			projectDirPath = "";
			projectRoot = "";
			targets = (
				D3F4C3A52209943E0057B3E0 /* CoreDataSample */,
			);
		};
/* End PBXProject section */

/* Begin PBXResourcesBuildPhase section */
		D3F4C3A42209943E0057B3E0 /* Resources */ = {
			isa = PBXResourcesBuildPhase;
			buildActionMask = 2147483647;
			files = (
				D3F4C3B72209943F0057B3E0 /* LaunchScreen.storyboard in Resources */,
				D3F4C3B42209943F0057B3E0 /* Assets.xcassets in Resources */,
				D3F4C3AF2209943E0057B3E0 /* Main.storyboard in Resources */,
			);
			runOnlyForDeploymentPostprocessing = 0;
		};
/* End PBXResourcesBuildPhase section */

/* Begin PBXSourcesBuildPhase section */
		D3F4C3A22209943E0057B3E0 /* Sources */ = {
			isa = PBXSourcesBuildPhase;
			buildActionMask = 2147483647;
			files = (
				D3F4C3C12209A2070057B3E0 /* Person+Utils.swift in Sources */,
				D3F4C3AC2209943E0057B3E0 /* ViewController.swift in Sources */,
				D3F4C3AA2209943E0057B3E0 /* AppDelegate.swift in Sources */,
				D3F4C3B22209943E0057B3E0 /* CoreData.xcdatamodeld in Sources */,
			);
			runOnlyForDeploymentPostprocessing = 0;
		};
/* End PBXSourcesBuildPhase section */

/* Begin PBXVariantGroup section */
		D3F4C3AD2209943E0057B3E0 /* Main.storyboard */ = {
			isa = PBXVariantGroup;
			children = (
				D3F4C3AE2209943E0057B3E0 /* Base */,
			);
			name = Main.storyboard;
			sourceTree = "<group>";
		};
		D3F4C3B52209943F0057B3E0 /* LaunchScreen.storyboard */ = {
			isa = PBXVariantGroup;
			children = (
				D3F4C3B62209943F0057B3E0 /* Base */,
			);
			name = LaunchScreen.storyboard;
			sourceTree = "<group>";
		};
/* End PBXVariantGroup section */

/* Begin XCBuildConfiguration section */
		D3F4C3B92209943F0057B3E0 /* Debug */ = {
			isa = XCBuildConfiguration;
			buildSettings = {
				ALWAYS_SEARCH_USER_PATHS = NO;
				CLANG_ANALYZER_NONNULL = YES;
				CLANG_ANALYZER_NUMBER_OBJECT_CONVERSION = YES_AGGRESSIVE;
				CLANG_CXX_LANGUAGE_STANDARD = "gnu++14";
				CLANG_CXX_LIBRARY = "libc++";
				CLANG_ENABLE_MODULES = YES;
				CLANG_ENABLE_OBJC_ARC = YES;
				CLANG_ENABLE_OBJC_WEAK = YES;
				CLANG_WARN_BLOCK_CAPTURE_AUTORELEASING = YES;
				CLANG_WARN_BOOL_CONVERSION = YES;
				CLANG_WARN_COMMA = YES;
				CLANG_WARN_CONSTANT_CONVERSION = YES;
				CLANG_WARN_DEPRECATED_OBJC_IMPLEMENTATIONS = YES;
				CLANG_WARN_DIRECT_OBJC_ISA_USAGE = YES_ERROR;
				CLANG_WARN_DOCUMENTATION_COMMENTS = YES;
				CLANG_WARN_EMPTY_BODY = YES;
				CLANG_WARN_ENUM_CONVERSION = YES;
				CLANG_WARN_INFINITE_RECURSION = YES;
				CLANG_WARN_INT_CONVERSION = YES;
				CLANG_WARN_NON_LITERAL_NULL_CONVERSION = YES;
				CLANG_WARN_OBJC_IMPLICIT_RETAIN_SELF = YES;
				CLANG_WARN_OBJC_LITERAL_CONVERSION = YES;
				CLANG_WARN_OBJC_ROOT_CLASS = YES_ERROR;
				CLANG_WARN_RANGE_LOOP_ANALYSIS = YES;
				CLANG_WARN_STRICT_PROTOTYPES = YES;
				CLANG_WARN_SUSPICIOUS_MOVE = YES;
				CLANG_WARN_UNGUARDED_AVAILABILITY = YES_AGGRESSIVE;
				CLANG_WARN_UNREACHABLE_CODE = YES;
				CLANG_WARN__DUPLICATE_METHOD_MATCH = YES;
				CODE_SIGN_IDENTITY = "iPhone Developer";
				COPY_PHASE_STRIP = NO;
				DEBUG_INFORMATION_FORMAT = dwarf;
				ENABLE_STRICT_OBJC_MSGSEND = YES;
				ENABLE_TESTABILITY = YES;
				GCC_C_LANGUAGE_STANDARD = gnu11;
				GCC_DYNAMIC_NO_PIC = NO;
				GCC_NO_COMMON_BLOCKS = YES;
				GCC_OPTIMIZATION_LEVEL = 0;
				GCC_PREPROCESSOR_DEFINITIONS = (
					"DEBUG=1",
					"$(inherited)",
				);
				GCC_WARN_64_TO_32_BIT_CONVERSION = YES;
				GCC_WARN_ABOUT_RETURN_TYPE = YES_ERROR;
				GCC_WARN_UNDECLARED_SELECTOR = YES;
				GCC_WARN_UNINITIALIZED_AUTOS = YES_AGGRESSIVE;
				GCC_WARN_UNUSED_FUNCTION = YES;
				GCC_WARN_UNUSED_VARIABLE = YES;
				IPHONEOS_DEPLOYMENT_TARGET = 12.1;
				MTL_ENABLE_DEBUG_INFO = INCLUDE_SOURCE;
				MTL_FAST_MATH = YES;
				ONLY_ACTIVE_ARCH = YES;
				SDKROOT = iphoneos;
				SWIFT_ACTIVE_COMPILATION_CONDITIONS = DEBUG;
				SWIFT_OPTIMIZATION_LEVEL = "-Onone";
			};
			name = Debug;
		};
		D3F4C3BA2209943F0057B3E0 /* Release */ = {
			isa = XCBuildConfiguration;
			buildSettings = {
				ALWAYS_SEARCH_USER_PATHS = NO;
				CLANG_ANALYZER_NONNULL = YES;
				CLANG_ANALYZER_NUMBER_OBJECT_CONVERSION = YES_AGGRESSIVE;
				CLANG_CXX_LANGUAGE_STANDARD = "gnu++14";
				CLANG_CXX_LIBRARY = "libc++";
				CLANG_ENABLE_MODULES = YES;
				CLANG_ENABLE_OBJC_ARC = YES;
				CLANG_ENABLE_OBJC_WEAK = YES;
				CLANG_WARN_BLOCK_CAPTURE_AUTORELEASING = YES;
				CLANG_WARN_BOOL_CONVERSION = YES;
				CLANG_WARN_COMMA = YES;
				CLANG_WARN_CONSTANT_CONVERSION = YES;
				CLANG_WARN_DEPRECATED_OBJC_IMPLEMENTATIONS = YES;
				CLANG_WARN_DIRECT_OBJC_ISA_USAGE = YES_ERROR;
				CLANG_WARN_DOCUMENTATION_COMMENTS = YES;
				CLANG_WARN_EMPTY_BODY = YES;
				CLANG_WARN_ENUM_CONVERSION = YES;
				CLANG_WARN_INFINITE_RECURSION = YES;
				CLANG_WARN_INT_CONVERSION = YES;
				CLANG_WARN_NON_LITERAL_NULL_CONVERSION = YES;
				CLANG_WARN_OBJC_IMPLICIT_RETAIN_SELF = YES;
				CLANG_WARN_OBJC_LITERAL_CONVERSION = YES;
				CLANG_WARN_OBJC_ROOT_CLASS = YES_ERROR;
				CLANG_WARN_RANGE_LOOP_ANALYSIS = YES;
				CLANG_WARN_STRICT_PROTOTYPES = YES;
				CLANG_WARN_SUSPICIOUS_MOVE = YES;
				CLANG_WARN_UNGUARDED_AVAILABILITY = YES_AGGRESSIVE;
				CLANG_WARN_UNREACHABLE_CODE = YES;
				CLANG_WARN__DUPLICATE_METHOD_MATCH = YES;
				CODE_SIGN_IDENTITY = "iPhone Developer";
				COPY_PHASE_STRIP = NO;
				DEBUG_INFORMATION_FORMAT = "dwarf-with-dsym";
				ENABLE_NS_ASSERTIONS = NO;
				ENABLE_STRICT_OBJC_MSGSEND = YES;
				GCC_C_LANGUAGE_STANDARD = gnu11;
				GCC_NO_COMMON_BLOCKS = YES;
				GCC_WARN_64_TO_32_BIT_CONVERSION = YES;
				GCC_WARN_ABOUT_RETURN_TYPE = YES_ERROR;
				GCC_WARN_UNDECLARED_SELECTOR = YES;
				GCC_WARN_UNINITIALIZED_AUTOS = YES_AGGRESSIVE;
				GCC_WARN_UNUSED_FUNCTION = YES;
				GCC_WARN_UNUSED_VARIABLE = YES;
				IPHONEOS_DEPLOYMENT_TARGET = 12.1;
				MTL_ENABLE_DEBUG_INFO = NO;
				MTL_FAST_MATH = YES;
				SDKROOT = iphoneos;
				SWIFT_COMPILATION_MODE = wholemodule;
				SWIFT_OPTIMIZATION_LEVEL = "-O";
				VALIDATE_PRODUCT = YES;
			};
			name = Release;
		};
		D3F4C3BC2209943F0057B3E0 /* Debug */ = {
			isa = XCBuildConfiguration;
			buildSettings = {
				ASSETCATALOG_COMPILER_APPICON_NAME = AppIcon;
				CODE_SIGN_STYLE = Automatic;
				DEVELOPMENT_TEAM = 4478497DTQ;
				INFOPLIST_FILE = CoreData/Info.plist;
				LD_RUNPATH_SEARCH_PATHS = (
					"$(inherited)",
					"@executable_path/Frameworks",
				);
				PRODUCT_BUNDLE_IDENTIFIER = com.lauraarranz.CoreData;
				PRODUCT_NAME = "$(TARGET_NAME)";
				SWIFT_VERSION = 4.2;
				TARGETED_DEVICE_FAMILY = "1,2";
			};
			name = Debug;
		};
		D3F4C3BD2209943F0057B3E0 /* Release */ = {
			isa = XCBuildConfiguration;
			buildSettings = {
				ASSETCATALOG_COMPILER_APPICON_NAME = AppIcon;
				CODE_SIGN_STYLE = Automatic;
				DEVELOPMENT_TEAM = 4478497DTQ;
				INFOPLIST_FILE = CoreData/Info.plist;
				LD_RUNPATH_SEARCH_PATHS = (
					"$(inherited)",
					"@executable_path/Frameworks",
				);
				PRODUCT_BUNDLE_IDENTIFIER = com.lauraarranz.CoreData;
				PRODUCT_NAME = "$(TARGET_NAME)";
				SWIFT_VERSION = 4.2;
				TARGETED_DEVICE_FAMILY = "1,2";
			};
			name = Release;
		};
/* End XCBuildConfiguration section */

/* Begin XCConfigurationList section */
		D3F4C3A12209943E0057B3E0 /* Build configuration list for PBXProject "CoreDataSample" */ = {
			isa = XCConfigurationList;
			buildConfigurations = (
				D3F4C3B92209943F0057B3E0 /* Debug */,
				D3F4C3BA2209943F0057B3E0 /* Release */,
			);
			defaultConfigurationIsVisible = 0;
			defaultConfigurationName = Release;
		};
		D3F4C3BB2209943F0057B3E0 /* Build configuration list for PBXNativeTarget "CoreDataSample" */ = {
			isa = XCConfigurationList;
			buildConfigurations = (
				D3F4C3BC2209943F0057B3E0 /* Debug */,
				D3F4C3BD2209943F0057B3E0 /* Release */,
			);
			defaultConfigurationIsVisible = 0;
			defaultConfigurationName = Release;
		};
/* End XCConfigurationList section */

/* Begin XCVersionGroup section */
		D3F4C3B02209943E0057B3E0 /* CoreData.xcdatamodeld */ = {
			isa = XCVersionGroup;
			children = (
				D3F4C3B12209943E0057B3E0 /* CoreData.xcdatamodel */,
			);
			currentVersion = D3F4C3B12209943E0057B3E0 /* CoreData.xcdatamodel */;
			path = CoreData.xcdatamodeld;
			sourceTree = "<group>";
			versionGroupType = wrapper.xcdatamodel;
		};
/* End XCVersionGroup section */
	};
	rootObject = D3F4C39E2209943E0057B3E0 /* Project object */;
}
